
Microsoft Visual Studio Solution File, Format Version 12.00
# Visual Studio Version 17
VisualStudioVersion = 17.5.33414.496
MinimumVisualStudioVersion = 10.0.40219.1
Project("{FAE04EC0-301F-11D3-BF4B-00C04F79EFBC}") = "Task_Intro", "Task_Intro\Task_Intro.csproj", "{F86851BA-C425-4C1C-AC94-E3AEC7724A66}"
EndProject
Global
	GlobalSection(SolutionConfigurationPlatforms) = preSolution
		Debug|Any CPU = Debug|Any CPU
		Release|Any CPU = Release|Any CPU
	EndGlobalSection
	GlobalSection(ProjectConfigurationPlatforms) = postSolution
		{F86851BA-C425-4C1C-AC94-E3AEC7724A66}.Debug|Any CPU.ActiveCfg = Debug|Any CPU
		{F86851BA-C425-4C1C-AC94-E3AEC7724A66}.Debug|Any CPU.Build.0 = Debug|Any CPU
		{F86851BA-C425-4C1C-AC94-E3AEC7724A66}.Release|Any CPU.ActiveCfg = Release|Any CPU
		{F86851BA-C425-4C1C-AC94-E3AEC7724A66}.Release|Any CPU.Build.0 = Release|Any CPU
	EndGlobalSection
	GlobalSection(SolutionProperties) = preSolution
		HideSolutionNode = FALSE
	EndGlobalSection
	GlobalSection(ExtensibilityGlobals) = postSolution
		SolutionGuid = {A2F030B1-C48A-44D5-B987-36857C16EAFD}
	EndGlobalSection
EndGlobal
